// !$*UTF8*$!
{
	archiveVersion = 1;
	classes = {
	};
	objectVersion = 55;
	objects = {

/* Begin PBXBuildFile section */
		A3D7B39829D62CA000F0D3DB /* AppDelegate.swift in Sources */ = {isa = PBXBuildFile; fileRef = A3D7B39729D62CA000F0D3DB /* AppDelegate.swift */; };
		A3D7B39C29D62CA000F0D3DB /* OnboardingVC.swift in Sources */ = {isa = PBXBuildFile; fileRef = A3D7B39B29D62CA000F0D3DB /* OnboardingVC.swift */; };
		A3D7B3A129D62CA100F0D3DB /* Assets.xcassets in Resources */ = {isa = PBXBuildFile; fileRef = A3D7B3A029D62CA100F0D3DB /* Assets.xcassets */; };
		A3D7B3A429D62CA100F0D3DB /* LaunchScreen.storyboard in Resources */ = {isa = PBXBuildFile; fileRef = A3D7B3A229D62CA100F0D3DB /* LaunchScreen.storyboard */; };
		A3D7B3B629D62EE600F0D3DB /* BaseView.swift in Sources */ = {isa = PBXBuildFile; fileRef = A3D7B3B529D62EE600F0D3DB /* BaseView.swift */; };
		A3D7B3B829D6301E00F0D3DB /* BaseViewController.swift in Sources */ = {isa = PBXBuildFile; fileRef = A3D7B3B729D6301E00F0D3DB /* BaseViewController.swift */; };
		A3D7B3BB29D6333C00F0D3DB /* UserDefaultsService.swift in Sources */ = {isa = PBXBuildFile; fileRef = A3D7B3BA29D6333C00F0D3DB /* UserDefaultsService.swift */; };
		A3D7B3BF29D63FBD00F0D3DB /* OnboardingModel.swift in Sources */ = {isa = PBXBuildFile; fileRef = A3D7B3BE29D63FBD00F0D3DB /* OnboardingModel.swift */; };
/* End PBXBuildFile section */

/* Begin PBXFileReference section */
		A3D7B39429D62CA000F0D3DB /* PastVuCopy.app */ = {isa = PBXFileReference; explicitFileType = wrapper.application; includeInIndex = 0; path = PastVuCopy.app; sourceTree = BUILT_PRODUCTS_DIR; };
		A3D7B39729D62CA000F0D3DB /* AppDelegate.swift */ = {isa = PBXFileReference; lastKnownFileType = sourcecode.swift; path = AppDelegate.swift; sourceTree = "<group>"; };
		A3D7B39B29D62CA000F0D3DB /* OnboardingVC.swift */ = {isa = PBXFileReference; lastKnownFileType = sourcecode.swift; path = OnboardingVC.swift; sourceTree = "<group>"; };
		A3D7B3A029D62CA100F0D3DB /* Assets.xcassets */ = {isa = PBXFileReference; lastKnownFileType = folder.assetcatalog; path = Assets.xcassets; sourceTree = "<group>"; };
		A3D7B3A329D62CA100F0D3DB /* Base */ = {isa = PBXFileReference; lastKnownFileType = file.storyboard; name = Base; path = Base.lproj/LaunchScreen.storyboard; sourceTree = "<group>"; };
		A3D7B3A529D62CA100F0D3DB /* Info.plist */ = {isa = PBXFileReference; lastKnownFileType = text.plist.xml; path = Info.plist; sourceTree = "<group>"; };
		A3D7B3B529D62EE600F0D3DB /* BaseView.swift */ = {isa = PBXFileReference; lastKnownFileType = sourcecode.swift; path = BaseView.swift; sourceTree = "<group>"; };
		A3D7B3B729D6301E00F0D3DB /* BaseViewController.swift */ = {isa = PBXFileReference; lastKnownFileType = sourcecode.swift; path = BaseViewController.swift; sourceTree = "<group>"; };
		A3D7B3BA29D6333C00F0D3DB /* UserDefaultsService.swift */ = {isa = PBXFileReference; lastKnownFileType = sourcecode.swift; path = UserDefaultsService.swift; sourceTree = "<group>"; };
		A3D7B3BE29D63FBD00F0D3DB /* OnboardingModel.swift */ = {isa = PBXFileReference; lastKnownFileType = sourcecode.swift; path = OnboardingModel.swift; sourceTree = "<group>"; };
/* End PBXFileReference section */

/* Begin PBXFrameworksBuildPhase section */
		A3D7B39129D62CA000F0D3DB /* Frameworks */ = {
			isa = PBXFrameworksBuildPhase;
			buildActionMask = 2147483647;
			files = (
			);
			runOnlyForDeploymentPostprocessing = 0;
		};
/* End PBXFrameworksBuildPhase section */

/* Begin PBXGroup section */
		A3D7B38B29D62CA000F0D3DB = {
			isa = PBXGroup;
			children = (
				A3D7B39629D62CA000F0D3DB /* PastVuCopy */,
				A3D7B39529D62CA000F0D3DB /* Products */,
			);
			sourceTree = "<group>";
		};
		A3D7B39529D62CA000F0D3DB /* Products */ = {
			isa = PBXGroup;
			children = (
				A3D7B39429D62CA000F0D3DB /* PastVuCopy.app */,
			);
			name = Products;
			sourceTree = "<group>";
		};
		A3D7B39629D62CA000F0D3DB /* PastVuCopy */ = {
			isa = PBXGroup;
			children = (
				A3D7B3AD29D62DF800F0D3DB /* Application */,
				A3D7B3B929D6331000F0D3DB /* Services */,
				A3D7B3AE29D62E1000F0D3DB /* Modules */,
				A3D7B3B229D62EB000F0D3DB /* Common */,
				A3D7B3A029D62CA100F0D3DB /* Assets.xcassets */,
				A3D7B3A229D62CA100F0D3DB /* LaunchScreen.storyboard */,
				A3D7B3A529D62CA100F0D3DB /* Info.plist */,
			);
			path = PastVuCopy;
			sourceTree = "<group>";
		};
		A3D7B3AD29D62DF800F0D3DB /* Application */ = {
			isa = PBXGroup;
			children = (
				A3D7B39729D62CA000F0D3DB /* AppDelegate.swift */,
			);
			path = Application;
			sourceTree = "<group>";
		};
		A3D7B3AE29D62E1000F0D3DB /* Modules */ = {
			isa = PBXGroup;
			children = (
				A3D7B3AF29D62E2000F0D3DB /* Onboarding */,
			);
			path = Modules;
			sourceTree = "<group>";
		};
		A3D7B3AF29D62E2000F0D3DB /* Onboarding */ = {
			isa = PBXGroup;
			children = (
				A3D7B3BC29D633A900F0D3DB /* ModuleBuilder */,
				A3D7B3BD29D63F8000F0D3DB /* Model */,
				A3D7B3B129D62E4200F0D3DB /* ViewModel */,
				A3D7B3B029D62E3300F0D3DB /* View */,
			);
			path = Onboarding;
			sourceTree = "<group>";
		};
		A3D7B3B029D62E3300F0D3DB /* View */ = {
			isa = PBXGroup;
			children = (
				A3D7B39B29D62CA000F0D3DB /* OnboardingVC.swift */,
			);
			path = View;
			sourceTree = "<group>";
		};
		A3D7B3B129D62E4200F0D3DB /* ViewModel */ = {
			isa = PBXGroup;
			children = (
			);
			path = ViewModel;
			sourceTree = "<group>";
		};
		A3D7B3B229D62EB000F0D3DB /* Common */ = {
			isa = PBXGroup;
			children = (
				A3D7B3B329D62EBC00F0D3DB /* UI */,
			);
			path = Common;
			sourceTree = "<group>";
		};
		A3D7B3B329D62EBC00F0D3DB /* UI */ = {
			isa = PBXGroup;
			children = (
				A3D7B3B429D62EC500F0D3DB /* BaseClasses */,
			);
			path = UI;
			sourceTree = "<group>";
		};
		A3D7B3B429D62EC500F0D3DB /* BaseClasses */ = {
			isa = PBXGroup;
			children = (
				A3D7B3B529D62EE600F0D3DB /* BaseView.swift */,
				A3D7B3B729D6301E00F0D3DB /* BaseViewController.swift */,
			);
			path = BaseClasses;
			sourceTree = "<group>";
		};
		A3D7B3B929D6331000F0D3DB /* Services */ = {
			isa = PBXGroup;
			children = (
				A3D7B3BA29D6333C00F0D3DB /* UserDefaultsService.swift */,
			);
			path = Services;
			sourceTree = "<group>";
		};
		A3D7B3BC29D633A900F0D3DB /* ModuleBuilder */ = {
			isa = PBXGroup;
			children = (
			);
			path = ModuleBuilder;
			sourceTree = "<group>";
		};
		A3D7B3BD29D63F8000F0D3DB /* Model */ = {
			isa = PBXGroup;
			children = (
				A3D7B3BE29D63FBD00F0D3DB /* OnboardingModel.swift */,
			);
			path = Model;
			sourceTree = "<group>";
		};
/* End PBXGroup section */

/* Begin PBXNativeTarget section */
		A3D7B39329D62CA000F0D3DB /* PastVuCopy */ = {
			isa = PBXNativeTarget;
			buildConfigurationList = A3D7B3A829D62CA100F0D3DB /* Build configuration list for PBXNativeTarget "PastVuCopy" */;
			buildPhases = (
				A3D7B39029D62CA000F0D3DB /* Sources */,
				A3D7B39129D62CA000F0D3DB /* Frameworks */,
				A3D7B39229D62CA000F0D3DB /* Resources */,
			);
			buildRules = (
			);
			dependencies = (
			);
			name = PastVuCopy;
			productName = PastVuCopy;
			productReference = A3D7B39429D62CA000F0D3DB /* PastVuCopy.app */;
			productType = "com.apple.product-type.application";
		};
/* End PBXNativeTarget section */

/* Begin PBXProject section */
		A3D7B38C29D62CA000F0D3DB /* Project object */ = {
			isa = PBXProject;
			attributes = {
				BuildIndependentTargetsInParallel = 1;
				LastSwiftUpdateCheck = 1340;
				LastUpgradeCheck = 1340;
				TargetAttributes = {
					A3D7B39329D62CA000F0D3DB = {
						CreatedOnToolsVersion = 13.4;
					};
				};
			};
			buildConfigurationList = A3D7B38F29D62CA000F0D3DB /* Build configuration list for PBXProject "PastVuCopy" */;
			compatibilityVersion = "Xcode 13.0";
			developmentRegion = en;
			hasScannedForEncodings = 0;
			knownRegions = (
				en,
				Base,
			);
			mainGroup = A3D7B38B29D62CA000F0D3DB;
			productRefGroup = A3D7B39529D62CA000F0D3DB /* Products */;
			projectDirPath = "";
			projectRoot = "";
			targets = (
				A3D7B39329D62CA000F0D3DB /* PastVuCopy */,
			);
		};
/* End PBXProject section */

/* Begin PBXResourcesBuildPhase section */
		A3D7B39229D62CA000F0D3DB /* Resources */ = {
			isa = PBXResourcesBuildPhase;
			buildActionMask = 2147483647;
			files = (
				A3D7B3A429D62CA100F0D3DB /* LaunchScreen.storyboard in Resources */,
				A3D7B3A129D62CA100F0D3DB /* Assets.xcassets in Resources */,
			);
			runOnlyForDeploymentPostprocessing = 0;
		};
/* End PBXResourcesBuildPhase section */

/* Begin PBXSourcesBuildPhase section */
		A3D7B39029D62CA000F0D3DB /* Sources */ = {
			isa = PBXSourcesBuildPhase;
			buildActionMask = 2147483647;
			files = (
				A3D7B3B629D62EE600F0D3DB /* BaseView.swift in Sources */,
				A3D7B3B829D6301E00F0D3DB /* BaseViewController.swift in Sources */,
				A3D7B3BF29D63FBD00F0D3DB /* OnboardingModel.swift in Sources */,
				A3D7B3BB29D6333C00F0D3DB /* UserDefaultsService.swift in Sources */,
				A3D7B39C29D62CA000F0D3DB /* OnboardingVC.swift in Sources */,
				A3D7B39829D62CA000F0D3DB /* AppDelegate.swift in Sources */,
			);
			runOnlyForDeploymentPostprocessing = 0;
		};
/* End PBXSourcesBuildPhase section */

/* Begin PBXVariantGroup section */
		A3D7B3A229D62CA100F0D3DB /* LaunchScreen.storyboard */ = {
			isa = PBXVariantGroup;
			children = (
				A3D7B3A329D62CA100F0D3DB /* Base */,
			);
			name = LaunchScreen.storyboard;
			sourceTree = "<group>";
		};
/* End PBXVariantGroup section */

/* Begin XCBuildConfiguration section */
		A3D7B3A629D62CA100F0D3DB /* Debug */ = {
			isa = XCBuildConfiguration;
			buildSettings = {
				ALWAYS_SEARCH_USER_PATHS = NO;
				CLANG_ANALYZER_NONNULL = YES;
				CLANG_ANALYZER_NUMBER_OBJECT_CONVERSION = YES_AGGRESSIVE;
				CLANG_CXX_LANGUAGE_STANDARD = "gnu++17";
				CLANG_ENABLE_MODULES = YES;
				CLANG_ENABLE_OBJC_ARC = YES;
				CLANG_ENABLE_OBJC_WEAK = YES;
				CLANG_WARN_BLOCK_CAPTURE_AUTORELEASING = YES;
				CLANG_WARN_BOOL_CONVERSION = YES;
				CLANG_WARN_COMMA = YES;
				CLANG_WARN_CONSTANT_CONVERSION = YES;
				CLANG_WARN_DEPRECATED_OBJC_IMPLEMENTATIONS = YES;
				CLANG_WARN_DIRECT_OBJC_ISA_USAGE = YES_ERROR;
				CLANG_WARN_DOCUMENTATION_COMMENTS = YES;
				CLANG_WARN_EMPTY_BODY = YES;
				CLANG_WARN_ENUM_CONVERSION = YES;
				CLANG_WARN_INFINITE_RECURSION = YES;
				CLANG_WARN_INT_CONVERSION = YES;
				CLANG_WARN_NON_LITERAL_NULL_CONVERSION = YES;
				CLANG_WARN_OBJC_IMPLICIT_RETAIN_SELF = YES;
				CLANG_WARN_OBJC_LITERAL_CONVERSION = YES;
				CLANG_WARN_OBJC_ROOT_CLASS = YES_ERROR;
				CLANG_WARN_QUOTED_INCLUDE_IN_FRAMEWORK_HEADER = YES;
				CLANG_WARN_RANGE_LOOP_ANALYSIS = YES;
				CLANG_WARN_STRICT_PROTOTYPES = YES;
				CLANG_WARN_SUSPICIOUS_MOVE = YES;
				CLANG_WARN_UNGUARDED_AVAILABILITY = YES_AGGRESSIVE;
				CLANG_WARN_UNREACHABLE_CODE = YES;
				CLANG_WARN__DUPLICATE_METHOD_MATCH = YES;
				COPY_PHASE_STRIP = NO;
				DEBUG_INFORMATION_FORMAT = dwarf;
				ENABLE_STRICT_OBJC_MSGSEND = YES;
				ENABLE_TESTABILITY = YES;
				GCC_C_LANGUAGE_STANDARD = gnu11;
				GCC_DYNAMIC_NO_PIC = NO;
				GCC_NO_COMMON_BLOCKS = YES;
				GCC_OPTIMIZATION_LEVEL = 0;
				GCC_PREPROCESSOR_DEFINITIONS = (
					"DEBUG=1",
					"$(inherited)",
				);
				GCC_WARN_64_TO_32_BIT_CONVERSION = YES;
				GCC_WARN_ABOUT_RETURN_TYPE = YES_ERROR;
				GCC_WARN_UNDECLARED_SELECTOR = YES;
				GCC_WARN_UNINITIALIZED_AUTOS = YES_AGGRESSIVE;
				GCC_WARN_UNUSED_FUNCTION = YES;
				GCC_WARN_UNUSED_VARIABLE = YES;
				IPHONEOS_DEPLOYMENT_TARGET = 13.0;
				MTL_ENABLE_DEBUG_INFO = INCLUDE_SOURCE;
				MTL_FAST_MATH = YES;
				ONLY_ACTIVE_ARCH = YES;
				SDKROOT = iphoneos;
				SWIFT_ACTIVE_COMPILATION_CONDITIONS = DEBUG;
				SWIFT_OPTIMIZATION_LEVEL = "-Onone";
			};
			name = Debug;
		};
		A3D7B3A729D62CA100F0D3DB /* Release */ = {
			isa = XCBuildConfiguration;
			buildSettings = {
				ALWAYS_SEARCH_USER_PATHS = NO;
				CLANG_ANALYZER_NONNULL = YES;
				CLANG_ANALYZER_NUMBER_OBJECT_CONVERSION = YES_AGGRESSIVE;
				CLANG_CXX_LANGUAGE_STANDARD = "gnu++17";
				CLANG_ENABLE_MODULES = YES;
				CLANG_ENABLE_OBJC_ARC = YES;
				CLANG_ENABLE_OBJC_WEAK = YES;
				CLANG_WARN_BLOCK_CAPTURE_AUTORELEASING = YES;
				CLANG_WARN_BOOL_CONVERSION = YES;
				CLANG_WARN_COMMA = YES;
				CLANG_WARN_CONSTANT_CONVERSION = YES;
				CLANG_WARN_DEPRECATED_OBJC_IMPLEMENTATIONS = YES;
				CLANG_WARN_DIRECT_OBJC_ISA_USAGE = YES_ERROR;
				CLANG_WARN_DOCUMENTATION_COMMENTS = YES;
				CLANG_WARN_EMPTY_BODY = YES;
				CLANG_WARN_ENUM_CONVERSION = YES;
				CLANG_WARN_INFINITE_RECURSION = YES;
				CLANG_WARN_INT_CONVERSION = YES;
				CLANG_WARN_NON_LITERAL_NULL_CONVERSION = YES;
				CLANG_WARN_OBJC_IMPLICIT_RETAIN_SELF = YES;
				CLANG_WARN_OBJC_LITERAL_CONVERSION = YES;
				CLANG_WARN_OBJC_ROOT_CLASS = YES_ERROR;
				CLANG_WARN_QUOTED_INCLUDE_IN_FRAMEWORK_HEADER = YES;
				CLANG_WARN_RANGE_LOOP_ANALYSIS = YES;
				CLANG_WARN_STRICT_PROTOTYPES = YES;
				CLANG_WARN_SUSPICIOUS_MOVE = YES;
				CLANG_WARN_UNGUARDED_AVAILABILITY = YES_AGGRESSIVE;
				CLANG_WARN_UNREACHABLE_CODE = YES;
				CLANG_WARN__DUPLICATE_METHOD_MATCH = YES;
				COPY_PHASE_STRIP = NO;
				DEBUG_INFORMATION_FORMAT = "dwarf-with-dsym";
				ENABLE_NS_ASSERTIONS = NO;
				ENABLE_STRICT_OBJC_MSGSEND = YES;
				GCC_C_LANGUAGE_STANDARD = gnu11;
				GCC_NO_COMMON_BLOCKS = YES;
				GCC_WARN_64_TO_32_BIT_CONVERSION = YES;
				GCC_WARN_ABOUT_RETURN_TYPE = YES_ERROR;
				GCC_WARN_UNDECLARED_SELECTOR = YES;
				GCC_WARN_UNINITIALIZED_AUTOS = YES_AGGRESSIVE;
				GCC_WARN_UNUSED_FUNCTION = YES;
				GCC_WARN_UNUSED_VARIABLE = YES;
				IPHONEOS_DEPLOYMENT_TARGET = 13.0;
				MTL_ENABLE_DEBUG_INFO = NO;
				MTL_FAST_MATH = YES;
				SDKROOT = iphoneos;
				SWIFT_COMPILATION_MODE = wholemodule;
				SWIFT_OPTIMIZATION_LEVEL = "-O";
				VALIDATE_PRODUCT = YES;
			};
			name = Release;
		};
		A3D7B3A929D62CA100F0D3DB /* Debug */ = {
			isa = XCBuildConfiguration;
			buildSettings = {
				ASSETCATALOG_COMPILER_APPICON_NAME = AppIcon;
				ASSETCATALOG_COMPILER_GLOBAL_ACCENT_COLOR_NAME = AccentColor;
				CODE_SIGN_STYLE = Automatic;
				CURRENT_PROJECT_VERSION = 1;
				DEVELOPMENT_TEAM = Y54A39PP54;
				GENERATE_INFOPLIST_FILE = YES;
				INFOPLIST_FILE = PastVuCopy/Info.plist;
				INFOPLIST_KEY_UIApplicationSupportsIndirectInputEvents = YES;
				INFOPLIST_KEY_UILaunchStoryboardName = LaunchScreen;
				INFOPLIST_KEY_UISupportedInterfaceOrientations = UIInterfaceOrientationPortrait;
				INFOPLIST_KEY_UISupportedInterfaceOrientations_iPad = "UIInterfaceOrientationPortrait UIInterfaceOrientationPortraitUpsideDown UIInterfaceOrientationLandscapeLeft UIInterfaceOrientationLandscapeRight";
				INFOPLIST_KEY_UISupportedInterfaceOrientations_iPhone = "UIInterfaceOrientationPortrait UIInterfaceOrientationLandscapeLeft UIInterfaceOrientationLandscapeRight";
				IPHONEOS_DEPLOYMENT_TARGET = 13.0;
				LD_RUNPATH_SEARCH_PATHS = (
					"$(inherited)",
					"@executable_path/Frameworks",
				);
				MARKETING_VERSION = 1.0;
				PRODUCT_BUNDLE_IDENTIFIER = com.obiivion.PastVuCopy;
				PRODUCT_NAME = "$(TARGET_NAME)";
				SWIFT_EMIT_LOC_STRINGS = YES;
				SWIFT_VERSION = 5.0;
				TARGETED_DEVICE_FAMILY = 1;
			};
			name = Debug;
		};
		A3D7B3AA29D62CA100F0D3DB /* Release */ = {
			isa = XCBuildConfiguration;
			buildSettings = {
				ASSETCATALOG_COMPILER_APPICON_NAME = AppIcon;
				ASSETCATALOG_COMPILER_GLOBAL_ACCENT_COLOR_NAME = AccentColor;
				CODE_SIGN_STYLE = Automatic;
				CURRENT_PROJECT_VERSION = 1;
				DEVELOPMENT_TEAM = Y54A39PP54;
				GENERATE_INFOPLIST_FILE = YES;
				INFOPLIST_FILE = PastVuCopy/Info.plist;
				INFOPLIST_KEY_UIApplicationSupportsIndirectInputEvents = YES;
				INFOPLIST_KEY_UILaunchStoryboardName = LaunchScreen;
				INFOPLIST_KEY_UISupportedInterfaceOrientations = UIInterfaceOrientationPortrait;
				INFOPLIST_KEY_UISupportedInterfaceOrientations_iPad = "UIInterfaceOrientationPortrait UIInterfaceOrientationPortraitUpsideDown UIInterfaceOrientationLandscapeLeft UIInterfaceOrientationLandscapeRight";
				INFOPLIST_KEY_UISupportedInterfaceOrientations_iPhone = "UIInterfaceOrientationPortrait UIInterfaceOrientationLandscapeLeft UIInterfaceOrientationLandscapeRight";
				IPHONEOS_DEPLOYMENT_TARGET = 13.0;
				LD_RUNPATH_SEARCH_PATHS = (
					"$(inherited)",
					"@executable_path/Frameworks",
				);
				MARKETING_VERSION = 1.0;
				PRODUCT_BUNDLE_IDENTIFIER = com.obiivion.PastVuCopy;
				PRODUCT_NAME = "$(TARGET_NAME)";
				SWIFT_EMIT_LOC_STRINGS = YES;
				SWIFT_VERSION = 5.0;
				TARGETED_DEVICE_FAMILY = 1;
			};
			name = Release;
		};
/* End XCBuildConfiguration section */

/* Begin XCConfigurationList section */
		A3D7B38F29D62CA000F0D3DB /* Build configuration list for PBXProject "PastVuCopy" */ = {
			isa = XCConfigurationList;
			buildConfigurations = (
				A3D7B3A629D62CA100F0D3DB /* Debug */,
				A3D7B3A729D62CA100F0D3DB /* Release */,
			);
			defaultConfigurationIsVisible = 0;
			defaultConfigurationName = Release;
		};
		A3D7B3A829D62CA100F0D3DB /* Build configuration list for PBXNativeTarget "PastVuCopy" */ = {
			isa = XCConfigurationList;
			buildConfigurations = (
				A3D7B3A929D62CA100F0D3DB /* Debug */,
				A3D7B3AA29D62CA100F0D3DB /* Release */,
			);
			defaultConfigurationIsVisible = 0;
			defaultConfigurationName = Release;
		};
/* End XCConfigurationList section */
	};
	rootObject = A3D7B38C29D62CA000F0D3DB /* Project object */;
}
